{
  "name": "client",
  "version": "0.0.0",
  "lockfileVersion": 1,
  "requires": true,
  "dependencies": {
    "color-name": {
      "version": "1.1.4",
      "resolved": "https://registry.npmjs.org/color-name/-/color-name-1.1.4.tgz",
      "integrity": "sha512-dOy+3AuW3a2wNbZHIuMZpTcgjGuLU/uBL/ubcZF9OXbDo8ff4O8yVp5Bf0efS8uEoYo5q4Fx7dY9OgQGXgAsQA=="
    },
    "cssfontparser": {
      "version": "1.2.1",
      "resolved": "https://registry.npmjs.org/cssfontparser/-/cssfontparser-1.2.1.tgz",
      "integrity": "sha512-6tun4LoZnj7VN6YeegOVb67KBX/7JJsqvj+pv3ZA7F878/eN33AbGa5b/S/wXxS/tcp8nc40xRUrsPlxIyNUPg=="
    },
    "dotenv": {
      "version": "16.0.2"
    },
    "jest-canvas-mock": {
      "version": "2.5.2",
      "resolved": "https://registry.npmjs.org/jest-canvas-mock/-/jest-canvas-mock-2.5.2.tgz",
      "integrity": "sha512-vgnpPupjOL6+L5oJXzxTxFrlGEIbHdZqFU+LFNdtLxZ3lRDCl17FlTMM7IatoRQkrcyOTMlDinjUguqmQ6bR2A==",
      "requires": {
        "cssfontparser": "^1.2.1",
        "moo-color": "^1.0.2"
      }
    },
    "moo-color": {
      "version": "1.0.3",
      "resolved": "https://registry.npmjs.org/moo-color/-/moo-color-1.0.3.tgz",
      "integrity": "sha512-i/+ZKXMDf6aqYtBhuOcej71YSlbjT3wCO/4H1j8rPvxDJEifdwgg5MaFyu6iYAT8GBZJg2z0dkgK4YMzvURALQ==",
      "requires": {
        "color-name": "^1.1.4"
      }
    }
  }
}
